
Microsoft Visual Studio Solution File, Format Version 12.00
# Visual Studio 15
VisualStudioVersion = 15.0.28010.2026
MinimumVisualStudioVersion = 10.0.40219.1
Project("{FAE04EC0-301F-11D3-BF4B-00C04F79EFBC}") = "accounting", "accounting\accounting.csproj", "{D935E056-B9B7-4AA4-AA7E-48D02D6AF8F5}"
EndProject
Global
	GlobalSection(SolutionConfigurationPlatforms) = preSolution
		Debug|Any CPU = Debug|Any CPU
		Release|Any CPU = Release|Any CPU
	EndGlobalSection
	GlobalSection(ProjectConfigurationPlatforms) = postSolution
		{D935E056-B9B7-4AA4-AA7E-48D02D6AF8F5}.Debug|Any CPU.ActiveCfg = Debug|Any CPU
		{D935E056-B9B7-4AA4-AA7E-48D02D6AF8F5}.Debug|Any CPU.Build.0 = Debug|Any CPU
		{D935E056-B9B7-4AA4-AA7E-48D02D6AF8F5}.Release|Any CPU.ActiveCfg = Release|Any CPU
		{D935E056-B9B7-4AA4-AA7E-48D02D6AF8F5}.Release|Any CPU.Build.0 = Release|Any CPU
	EndGlobalSection
	GlobalSection(SolutionProperties) = preSolution
		HideSolutionNode = FALSE
	EndGlobalSection
	GlobalSection(ExtensibilityGlobals) = postSolution
		SolutionGuid = {EC5A9D31-B7B5-46E4-BFA9-5021B28E6FA9}
	EndGlobalSection
EndGlobal
